// !$*UTF8*$!
{
	archiveVersion = 1;
	classes = {
	};
	objectVersion = 46;
	objects = {

/* Begin PBXBuildFile section */
		E6AB2BCB159D1CA7008F3216 /* Icon-72.png in Resources */ = {isa = PBXBuildFile; fileRef = E6AB2BC7159D1CA7008F3216 /* Icon-72.png */; };
		E6AB2BCC159D1CA7008F3216 /* icon-72@2x.png in Resources */ = {isa = PBXBuildFile; fileRef = E6AB2BC8159D1CA7008F3216 /* icon-72@2x.png */; };
		E6AB2BCD159D1CA7008F3216 /* Icon.png in Resources */ = {isa = PBXBuildFile; fileRef = E6AB2BC9159D1CA7008F3216 /* Icon.png */; };
		E6AB2BCE159D1CA7008F3216 /* icon@2x.png in Resources */ = {isa = PBXBuildFile; fileRef = E6AB2BCA159D1CA7008F3216 /* icon@2x.png */; };
		E6FC1BE8159AE1BF009F01A5 /* Foundation.framework in Frameworks */ = {isa = PBXBuildFile; fileRef = E6FC1BE7159AE1BF009F01A5 /* Foundation.framework */; };
		E6FC1BEA159AE1BF009F01A5 /* UIKit.framework in Frameworks */ = {isa = PBXBuildFile; fileRef = E6FC1BE9159AE1BF009F01A5 /* UIKit.framework */; };
		E6FC1BEC159AE1BF009F01A5 /* CoreGraphics.framework in Frameworks */ = {isa = PBXBuildFile; fileRef = E6FC1BEB159AE1BF009F01A5 /* CoreGraphics.framework */; };
		E6FC1BEE159AE1BF009F01A5 /* AddressBook.framework in Frameworks */ = {isa = PBXBuildFile; fileRef = E6FC1BED159AE1BF009F01A5 /* AddressBook.framework */; };
		E6FC1BF0159AE1BF009F01A5 /* AddressBookUI.framework in Frameworks */ = {isa = PBXBuildFile; fileRef = E6FC1BEF159AE1BF009F01A5 /* AddressBookUI.framework */; };
		E6FC1BF2159AE1BF009F01A5 /* AudioToolbox.framework in Frameworks */ = {isa = PBXBuildFile; fileRef = E6FC1BF1159AE1BF009F01A5 /* AudioToolbox.framework */; };
		E6FC1BF4159AE1BF009F01A5 /* AVFoundation.framework in Frameworks */ = {isa = PBXBuildFile; fileRef = E6FC1BF3159AE1BF009F01A5 /* AVFoundation.framework */; };
		E6FC1BF6159AE1BF009F01A5 /* CoreLocation.framework in Frameworks */ = {isa = PBXBuildFile; fileRef = E6FC1BF5159AE1BF009F01A5 /* CoreLocation.framework */; };
		E6FC1BF8159AE1BF009F01A5 /* MediaPlayer.framework in Frameworks */ = {isa = PBXBuildFile; fileRef = E6FC1BF7159AE1BF009F01A5 /* MediaPlayer.framework */; };
		E6FC1BFA159AE1BF009F01A5 /* QuartzCore.framework in Frameworks */ = {isa = PBXBuildFile; fileRef = E6FC1BF9159AE1BF009F01A5 /* QuartzCore.framework */; };
		E6FC1BFC159AE1BF009F01A5 /* SystemConfiguration.framework in Frameworks */ = {isa = PBXBuildFile; fileRef = E6FC1BFB159AE1BF009F01A5 /* SystemConfiguration.framework */; };
		E6FC1BFE159AE1BF009F01A5 /* MobileCoreServices.framework in Frameworks */ = {isa = PBXBuildFile; fileRef = E6FC1BFD159AE1BF009F01A5 /* MobileCoreServices.framework */; };
		E6FC1C00159AE1BF009F01A5 /* CoreMedia.framework in Frameworks */ = {isa = PBXBuildFile; fileRef = E6FC1BFF159AE1BF009F01A5 /* CoreMedia.framework */; };
		E6FC1C06159AE1BF009F01A5 /* InfoPlist.strings in Resources */ = {isa = PBXBuildFile; fileRef = E6FC1C04159AE1BF009F01A5 /* InfoPlist.strings */; };
		E6FC1C08159AE1BF009F01A5 /* main.m in Sources */ = {isa = PBXBuildFile; fileRef = E6FC1C07159AE1BF009F01A5 /* main.m */; };
		E6FC1C0B159AE1BF009F01A5 /* Cordova.framework in Frameworks */ = {isa = PBXBuildFile; fileRef = E6FC1C0A159AE1BF009F01A5 /* Cordova.framework */; };
		E6FC1C10159AE1BF009F01A5 /* Localizable.strings in Resources */ = {isa = PBXBuildFile; fileRef = E6FC1C0E159AE1BF009F01A5 /* Localizable.strings */; };
		E6FC1C14159AE1BF009F01A5 /* Localizable.strings in Resources */ = {isa = PBXBuildFile; fileRef = E6FC1C12159AE1BF009F01A5 /* Localizable.strings */; };
		E6FC1C18159AE1BF009F01A5 /* Localizable.strings in Resources */ = {isa = PBXBuildFile; fileRef = E6FC1C16159AE1BF009F01A5 /* Localizable.strings */; };
		E6FC1C1C159AE1BF009F01A5 /* Localizable.strings in Resources */ = {isa = PBXBuildFile; fileRef = E6FC1C1A159AE1BF009F01A5 /* Localizable.strings */; };
		E6FC1C26159AE1BF009F01A5 /* Default~iphone.png in Resources */ = {isa = PBXBuildFile; fileRef = E6FC1C25159AE1BF009F01A5 /* Default~iphone.png */; };
		E6FC1C28159AE1BF009F01A5 /* Default@2x~iphone.png in Resources */ = {isa = PBXBuildFile; fileRef = E6FC1C27159AE1BF009F01A5 /* Default@2x~iphone.png */; };
		E6FC1C2A159AE1BF009F01A5 /* Capture.bundle in Resources */ = {isa = PBXBuildFile; fileRef = E6FC1C29159AE1BF009F01A5 /* Capture.bundle */; };
		E6FC1C2C159AE1BF009F01A5 /* Cordova.plist in Resources */ = {isa = PBXBuildFile; fileRef = E6FC1C2B159AE1BF009F01A5 /* Cordova.plist */; };
		E6FC1C30159AE1BF009F01A5 /* AppDelegate.m in Sources */ = {isa = PBXBuildFile; fileRef = E6FC1C2F159AE1BF009F01A5 /* AppDelegate.m */; };
		E6FC1C33159AE1BF009F01A5 /* MainViewController.m in Sources */ = {isa = PBXBuildFile; fileRef = E6FC1C32159AE1BF009F01A5 /* MainViewController.m */; };
		E6FC1C35159AE1BF009F01A5 /* MainViewController.xib in Resources */ = {isa = PBXBuildFile; fileRef = E6FC1C34159AE1BF009F01A5 /* MainViewController.xib */; };
		E6FC1C39159AE1BF009F01A5 /* verify.sh in Resources */ = {isa = PBXBuildFile; fileRef = E6FC1C38159AE1BF009F01A5 /* verify.sh */; };
		E6FC1C40159AE250009F01A5 /* mobile in Resources */ = {isa = PBXBuildFile; fileRef = E6FC1C3F159AE250009F01A5 /* mobile */; };
		E6FC1C53159CBFD5009F01A5 /* PushNotification.m in Sources */ = {isa = PBXBuildFile; fileRef = E6FC1C52159CBFD5009F01A5 /* PushNotification.m */; };
/* End PBXBuildFile section */

/* Begin PBXFileReference section */
		E6AB2BC7159D1CA7008F3216 /* Icon-72.png */ = {isa = PBXFileReference; lastKnownFileType = image.png; name = "Icon-72.png"; path = "Resources/icons/Icon-72.png"; sourceTree = "<group>"; };
		E6AB2BC8159D1CA7008F3216 /* icon-72@2x.png */ = {isa = PBXFileReference; lastKnownFileType = image.png; name = "icon-72@2x.png"; path = "Resources/icons/icon-72@2x.png"; sourceTree = "<group>"; };
		E6AB2BC9159D1CA7008F3216 /* Icon.png */ = {isa = PBXFileReference; lastKnownFileType = image.png; name = Icon.png; path = Resources/icons/Icon.png; sourceTree = "<group>"; };
		E6AB2BCA159D1CA7008F3216 /* icon@2x.png */ = {isa = PBXFileReference; lastKnownFileType = image.png; name = "icon@2x.png"; path = "Resources/icons/icon@2x.png"; sourceTree = "<group>"; };
		E6FC1BE3159AE1BF009F01A5 /* threadz.app */ = {isa = PBXFileReference; explicitFileType = wrapper.application; includeInIndex = 0; path = threadz.app; sourceTree = BUILT_PRODUCTS_DIR; };
		E6FC1BE7159AE1BF009F01A5 /* Foundation.framework */ = {isa = PBXFileReference; lastKnownFileType = wrapper.framework; name = Foundation.framework; path = System/Library/Frameworks/Foundation.framework; sourceTree = SDKROOT; };
		E6FC1BE9159AE1BF009F01A5 /* UIKit.framework */ = {isa = PBXFileReference; lastKnownFileType = wrapper.framework; name = UIKit.framework; path = System/Library/Frameworks/UIKit.framework; sourceTree = SDKROOT; };
		E6FC1BEB159AE1BF009F01A5 /* CoreGraphics.framework */ = {isa = PBXFileReference; lastKnownFileType = wrapper.framework; name = CoreGraphics.framework; path = System/Library/Frameworks/CoreGraphics.framework; sourceTree = SDKROOT; };
		E6FC1BED159AE1BF009F01A5 /* AddressBook.framework */ = {isa = PBXFileReference; lastKnownFileType = wrapper.framework; name = AddressBook.framework; path = System/Library/Frameworks/AddressBook.framework; sourceTree = SDKROOT; };
		E6FC1BEF159AE1BF009F01A5 /* AddressBookUI.framework */ = {isa = PBXFileReference; lastKnownFileType = wrapper.framework; name = AddressBookUI.framework; path = System/Library/Frameworks/AddressBookUI.framework; sourceTree = SDKROOT; };
		E6FC1BF1159AE1BF009F01A5 /* AudioToolbox.framework */ = {isa = PBXFileReference; lastKnownFileType = wrapper.framework; name = AudioToolbox.framework; path = System/Library/Frameworks/AudioToolbox.framework; sourceTree = SDKROOT; };
		E6FC1BF3159AE1BF009F01A5 /* AVFoundation.framework */ = {isa = PBXFileReference; lastKnownFileType = wrapper.framework; name = AVFoundation.framework; path = System/Library/Frameworks/AVFoundation.framework; sourceTree = SDKROOT; };
		E6FC1BF5159AE1BF009F01A5 /* CoreLocation.framework */ = {isa = PBXFileReference; lastKnownFileType = wrapper.framework; name = CoreLocation.framework; path = System/Library/Frameworks/CoreLocation.framework; sourceTree = SDKROOT; };
		E6FC1BF7159AE1BF009F01A5 /* MediaPlayer.framework */ = {isa = PBXFileReference; lastKnownFileType = wrapper.framework; name = MediaPlayer.framework; path = System/Library/Frameworks/MediaPlayer.framework; sourceTree = SDKROOT; };
		E6FC1BF9159AE1BF009F01A5 /* QuartzCore.framework */ = {isa = PBXFileReference; lastKnownFileType = wrapper.framework; name = QuartzCore.framework; path = System/Library/Frameworks/QuartzCore.framework; sourceTree = SDKROOT; };
		E6FC1BFB159AE1BF009F01A5 /* SystemConfiguration.framework */ = {isa = PBXFileReference; lastKnownFileType = wrapper.framework; name = SystemConfiguration.framework; path = System/Library/Frameworks/SystemConfiguration.framework; sourceTree = SDKROOT; };
		E6FC1BFD159AE1BF009F01A5 /* MobileCoreServices.framework */ = {isa = PBXFileReference; lastKnownFileType = wrapper.framework; name = MobileCoreServices.framework; path = System/Library/Frameworks/MobileCoreServices.framework; sourceTree = SDKROOT; };
		E6FC1BFF159AE1BF009F01A5 /* CoreMedia.framework */ = {isa = PBXFileReference; lastKnownFileType = wrapper.framework; name = CoreMedia.framework; path = System/Library/Frameworks/CoreMedia.framework; sourceTree = SDKROOT; };
		E6FC1C03159AE1BF009F01A5 /* threadz-Info.plist */ = {isa = PBXFileReference; lastKnownFileType = text.plist.xml; path = "threadz-Info.plist"; sourceTree = "<group>"; };
		E6FC1C05159AE1BF009F01A5 /* en */ = {isa = PBXFileReference; lastKnownFileType = text.plist.strings; name = en; path = en.lproj/InfoPlist.strings; sourceTree = "<group>"; };
		E6FC1C07159AE1BF009F01A5 /* main.m */ = {isa = PBXFileReference; lastKnownFileType = sourcecode.c.objc; path = main.m; sourceTree = "<group>"; };
		E6FC1C09159AE1BF009F01A5 /* threadz-Prefix.pch */ = {isa = PBXFileReference; lastKnownFileType = sourcecode.c.h; path = "threadz-Prefix.pch"; sourceTree = "<group>"; };
		E6FC1C0A159AE1BF009F01A5 /* Cordova.framework */ = {isa = PBXFileReference; lastKnownFileType = wrapper.framework; name = Cordova.framework; path = /Users/Shared/Cordova/Frameworks/Cordova.framework; sourceTree = "<absolute>"; };
		E6FC1C0F159AE1BF009F01A5 /* en */ = {isa = PBXFileReference; lastKnownFileType = text.plist.strings; name = en; path = Resources/en.lproj/Localizable.strings; sourceTree = "<group>"; };
		E6FC1C13159AE1BF009F01A5 /* es */ = {isa = PBXFileReference; lastKnownFileType = text.plist.strings; name = es; path = Resources/es.lproj/Localizable.strings; sourceTree = "<group>"; };
		E6FC1C17159AE1BF009F01A5 /* de */ = {isa = PBXFileReference; lastKnownFileType = text.plist.strings; name = de; path = Resources/de.lproj/Localizable.strings; sourceTree = "<group>"; };
		E6FC1C1B159AE1BF009F01A5 /* se */ = {isa = PBXFileReference; lastKnownFileType = text.plist.strings; name = se; path = Resources/se.lproj/Localizable.strings; sourceTree = "<group>"; };
		E6FC1C25159AE1BF009F01A5 /* Default~iphone.png */ = {isa = PBXFileReference; lastKnownFileType = image.png; name = "Default~iphone.png"; path = "Resources/splash/Default~iphone.png"; sourceTree = "<group>"; };
		E6FC1C27159AE1BF009F01A5 /* Default@2x~iphone.png */ = {isa = PBXFileReference; lastKnownFileType = image.png; name = "Default@2x~iphone.png"; path = "Resources/splash/Default@2x~iphone.png"; sourceTree = "<group>"; };
		E6FC1C29159AE1BF009F01A5 /* Capture.bundle */ = {isa = PBXFileReference; lastKnownFileType = "wrapper.plug-in"; name = Capture.bundle; path = Resources/Capture.bundle; sourceTree = "<group>"; };
		E6FC1C2B159AE1BF009F01A5 /* Cordova.plist */ = {isa = PBXFileReference; lastKnownFileType = text.plist.xml; path = Cordova.plist; sourceTree = "<group>"; };
		E6FC1C2E159AE1BF009F01A5 /* AppDelegate.h */ = {isa = PBXFileReference; lastKnownFileType = sourcecode.c.h; name = AppDelegate.h; path = Classes/AppDelegate.h; sourceTree = "<group>"; };
		E6FC1C2F159AE1BF009F01A5 /* AppDelegate.m */ = {isa = PBXFileReference; lastKnownFileType = sourcecode.c.objc; name = AppDelegate.m; path = Classes/AppDelegate.m; sourceTree = "<group>"; };
		E6FC1C31159AE1BF009F01A5 /* MainViewController.h */ = {isa = PBXFileReference; lastKnownFileType = sourcecode.c.h; name = MainViewController.h; path = Classes/MainViewController.h; sourceTree = "<group>"; };
		E6FC1C32159AE1BF009F01A5 /* MainViewController.m */ = {isa = PBXFileReference; lastKnownFileType = sourcecode.c.objc; name = MainViewController.m; path = Classes/MainViewController.m; sourceTree = "<group>"; };
		E6FC1C34159AE1BF009F01A5 /* MainViewController.xib */ = {isa = PBXFileReference; lastKnownFileType = file.xib; name = MainViewController.xib; path = Classes/MainViewController.xib; sourceTree = "<group>"; };
		E6FC1C37159AE1BF009F01A5 /* README */ = {isa = PBXFileReference; lastKnownFileType = text; name = README; path = Plugins/README; sourceTree = "<group>"; };
		E6FC1C38159AE1BF009F01A5 /* verify.sh */ = {isa = PBXFileReference; lastKnownFileType = text.script.sh; path = verify.sh; sourceTree = "<group>"; };
		E6FC1C3F159AE250009F01A5 /* mobile */ = {isa = PBXFileReference; lastKnownFileType = folder; name = mobile; path = ../../../public/mobile; sourceTree = "<group>"; };
		E6FC1C51159CBFD5009F01A5 /* PushNotification.h */ = {isa = PBXFileReference; fileEncoding = 4; lastKnownFileType = sourcecode.c.h; name = PushNotification.h; path = Plugins/PushNotification.h; sourceTree = "<group>"; };
		E6FC1C52159CBFD5009F01A5 /* PushNotification.m */ = {isa = PBXFileReference; fileEncoding = 4; lastKnownFileType = sourcecode.c.objc; name = PushNotification.m; path = Plugins/PushNotification.m; sourceTree = "<group>"; };
/* End PBXFileReference section */

/* Begin PBXFrameworksBuildPhase section */
		E6FC1BDD159AE1BF009F01A5 /* Frameworks */ = {
			isa = PBXFrameworksBuildPhase;
			buildActionMask = 2147483647;
			files = (
				E6FC1BE8159AE1BF009F01A5 /* Foundation.framework in Frameworks */,
				E6FC1BEA159AE1BF009F01A5 /* UIKit.framework in Frameworks */,
				E6FC1BEC159AE1BF009F01A5 /* CoreGraphics.framework in Frameworks */,
				E6FC1BEE159AE1BF009F01A5 /* AddressBook.framework in Frameworks */,
				E6FC1BF0159AE1BF009F01A5 /* AddressBookUI.framework in Frameworks */,
				E6FC1BF2159AE1BF009F01A5 /* AudioToolbox.framework in Frameworks */,
				E6FC1BF4159AE1BF009F01A5 /* AVFoundation.framework in Frameworks */,
				E6FC1BF6159AE1BF009F01A5 /* CoreLocation.framework in Frameworks */,
				E6FC1BF8159AE1BF009F01A5 /* MediaPlayer.framework in Frameworks */,
				E6FC1BFA159AE1BF009F01A5 /* QuartzCore.framework in Frameworks */,
				E6FC1BFC159AE1BF009F01A5 /* SystemConfiguration.framework in Frameworks */,
				E6FC1BFE159AE1BF009F01A5 /* MobileCoreServices.framework in Frameworks */,
				E6FC1C00159AE1BF009F01A5 /* CoreMedia.framework in Frameworks */,
				E6FC1C0B159AE1BF009F01A5 /* Cordova.framework in Frameworks */,
			);
			runOnlyForDeploymentPostprocessing = 0;
		};
		E6FC1BE0159AE1BF009F01A5 /* Frameworks */ = {
			isa = PBXFrameworksBuildPhase;
			buildActionMask = 2147483647;
			files = (
			);
			runOnlyForDeploymentPostprocessing = 0;
		};
/* End PBXFrameworksBuildPhase section */

/* Begin PBXGroup section */
		E6FC1BD5159AE1BF009F01A5 = {
			isa = PBXGroup;
			children = (
				E6FC1C3F159AE250009F01A5 /* mobile */,
				E6FC1C01159AE1BF009F01A5 /* threadz */,
				E6FC1BE6159AE1BF009F01A5 /* Frameworks */,
				E6FC1BE4159AE1BF009F01A5 /* Products */,
			);
			sourceTree = "<group>";
		};
		E6FC1BE4159AE1BF009F01A5 /* Products */ = {
			isa = PBXGroup;
			children = (
				E6FC1BE3159AE1BF009F01A5 /* threadz.app */,
			);
			name = Products;
			sourceTree = "<group>";
		};
		E6FC1BE6159AE1BF009F01A5 /* Frameworks */ = {
			isa = PBXGroup;
			children = (
				E6FC1BE7159AE1BF009F01A5 /* Foundation.framework */,
				E6FC1BE9159AE1BF009F01A5 /* UIKit.framework */,
				E6FC1BEB159AE1BF009F01A5 /* CoreGraphics.framework */,
				E6FC1BED159AE1BF009F01A5 /* AddressBook.framework */,
				E6FC1BEF159AE1BF009F01A5 /* AddressBookUI.framework */,
				E6FC1BF1159AE1BF009F01A5 /* AudioToolbox.framework */,
				E6FC1BF3159AE1BF009F01A5 /* AVFoundation.framework */,
				E6FC1BF5159AE1BF009F01A5 /* CoreLocation.framework */,
				E6FC1BF7159AE1BF009F01A5 /* MediaPlayer.framework */,
				E6FC1BF9159AE1BF009F01A5 /* QuartzCore.framework */,
				E6FC1BFB159AE1BF009F01A5 /* SystemConfiguration.framework */,
				E6FC1BFD159AE1BF009F01A5 /* MobileCoreServices.framework */,
				E6FC1BFF159AE1BF009F01A5 /* CoreMedia.framework */,
			);
			name = Frameworks;
			sourceTree = "<group>";
		};
		E6FC1C01159AE1BF009F01A5 /* threadz */ = {
			isa = PBXGroup;
			children = (
				E6FC1C0A159AE1BF009F01A5 /* Cordova.framework */,
				E6FC1C0C159AE1BF009F01A5 /* Resources */,
				E6FC1C2D159AE1BF009F01A5 /* Classes */,
				E6FC1C36159AE1BF009F01A5 /* Plugins */,
				E6FC1C02159AE1BF009F01A5 /* Supporting Files */,
			);
			path = threadz;
			sourceTree = "<group>";
		};
		E6FC1C02159AE1BF009F01A5 /* Supporting Files */ = {
			isa = PBXGroup;
			children = (
				E6FC1C03159AE1BF009F01A5 /* threadz-Info.plist */,
				E6FC1C04159AE1BF009F01A5 /* InfoPlist.strings */,
				E6FC1C07159AE1BF009F01A5 /* main.m */,
				E6FC1C09159AE1BF009F01A5 /* threadz-Prefix.pch */,
				E6FC1C2B159AE1BF009F01A5 /* Cordova.plist */,
				E6FC1C34159AE1BF009F01A5 /* MainViewController.xib */,
				E6FC1C38159AE1BF009F01A5 /* verify.sh */,
			);
			name = "Supporting Files";
			sourceTree = "<group>";
		};
		E6FC1C0C159AE1BF009F01A5 /* Resources */ = {
			isa = PBXGroup;
			children = (
				E6FC1C29159AE1BF009F01A5 /* Capture.bundle */,
				E6FC1C0D159AE1BF009F01A5 /* en.lproj */,
				E6FC1C11159AE1BF009F01A5 /* es.lproj */,
				E6FC1C15159AE1BF009F01A5 /* de.lproj */,
				E6FC1C19159AE1BF009F01A5 /* se.lproj */,
				E6FC1C1D159AE1BF009F01A5 /* icons */,
				E6FC1C24159AE1BF009F01A5 /* splash */,
			);
			name = Resources;
			sourceTree = "<group>";
		};
		E6FC1C0D159AE1BF009F01A5 /* en.lproj */ = {
			isa = PBXGroup;
			children = (
				E6FC1C0E159AE1BF009F01A5 /* Localizable.strings */,
			);
			name = en.lproj;
			sourceTree = "<group>";
		};
		E6FC1C11159AE1BF009F01A5 /* es.lproj */ = {
			isa = PBXGroup;
			children = (
				E6FC1C12159AE1BF009F01A5 /* Localizable.strings */,
			);
			name = es.lproj;
			sourceTree = "<group>";
		};
		E6FC1C15159AE1BF009F01A5 /* de.lproj */ = {
			isa = PBXGroup;
			children = (
				E6FC1C16159AE1BF009F01A5 /* Localizable.strings */,
			);
			name = de.lproj;
			sourceTree = "<group>";
		};
		E6FC1C19159AE1BF009F01A5 /* se.lproj */ = {
			isa = PBXGroup;
			children = (
				E6FC1C1A159AE1BF009F01A5 /* Localizable.strings */,
			);
			name = se.lproj;
			sourceTree = "<group>";
		};
		E6FC1C1D159AE1BF009F01A5 /* icons */ = {
			isa = PBXGroup;
			children = (
				E6AB2BC7159D1CA7008F3216 /* Icon-72.png */,
				E6AB2BC8159D1CA7008F3216 /* icon-72@2x.png */,
				E6AB2BC9159D1CA7008F3216 /* Icon.png */,
				E6AB2BCA159D1CA7008F3216 /* icon@2x.png */,
			);
			name = icons;
			sourceTree = "<group>";
		};
		E6FC1C24159AE1BF009F01A5 /* splash */ = {
			isa = PBXGroup;
			children = (
				E6FC1C25159AE1BF009F01A5 /* Default~iphone.png */,
				E6FC1C27159AE1BF009F01A5 /* Default@2x~iphone.png */,
			);
			name = splash;
			sourceTree = "<group>";
		};
		E6FC1C2D159AE1BF009F01A5 /* Classes */ = {
			isa = PBXGroup;
			children = (
				E6FC1C2E159AE1BF009F01A5 /* AppDelegate.h */,
				E6FC1C2F159AE1BF009F01A5 /* AppDelegate.m */,
				E6FC1C31159AE1BF009F01A5 /* MainViewController.h */,
				E6FC1C32159AE1BF009F01A5 /* MainViewController.m */,
			);
			name = Classes;
			sourceTree = "<group>";
		};
		E6FC1C36159AE1BF009F01A5 /* Plugins */ = {
			isa = PBXGroup;
			children = (
				E6FC1C51159CBFD5009F01A5 /* PushNotification.h */,
				E6FC1C52159CBFD5009F01A5 /* PushNotification.m */,
				E6FC1C37159AE1BF009F01A5 /* README */,
			);
			name = Plugins;
			sourceTree = "<group>";
		};
/* End PBXGroup section */

/* Begin PBXNativeTarget section */
		E6FC1BE2159AE1BF009F01A5 /* threadz */ = {
			isa = PBXNativeTarget;
			buildConfigurationList = E6FC1C3C159AE1BF009F01A5 /* Build configuration list for PBXNativeTarget "threadz" */;
			buildPhases = (
				E6FC1BDC159AE1BF009F01A5 /* Sources */,
				E6FC1BDD159AE1BF009F01A5 /* Frameworks */,
				E6FC1BDE159AE1BF009F01A5 /* Resources */,
				E6FC1BDF159AE1BF009F01A5 /* Sources */,
				E6FC1BE0159AE1BF009F01A5 /* Frameworks */,
				E6FC1BE1159AE1BF009F01A5 /* ShellScript */,
			);
			buildRules = (
			);
			dependencies = (
			);
			name = threadz;
			productName = threadz;
			productReference = E6FC1BE3159AE1BF009F01A5 /* threadz.app */;
			productType = "com.apple.product-type.application";
		};
/* End PBXNativeTarget section */

/* Begin PBXProject section */
		E6FC1BD7159AE1BF009F01A5 /* Project object */ = {
			isa = PBXProject;
			attributes = {
				LastUpgradeCheck = 0430;
			};
			buildConfigurationList = E6FC1BDA159AE1BF009F01A5 /* Build configuration list for PBXProject "threadz" */;
			compatibilityVersion = "Xcode 3.2";
			developmentRegion = English;
			hasScannedForEncodings = 0;
			knownRegions = (
				en,
				es,
				de,
				se,
			);
			mainGroup = E6FC1BD5159AE1BF009F01A5;
			productRefGroup = E6FC1BE4159AE1BF009F01A5 /* Products */;
			projectDirPath = "";
			projectRoot = "";
			targets = (
				E6FC1BE2159AE1BF009F01A5 /* threadz */,
			);
		};
/* End PBXProject section */

/* Begin PBXResourcesBuildPhase section */
		E6FC1BDE159AE1BF009F01A5 /* Resources */ = {
			isa = PBXResourcesBuildPhase;
			buildActionMask = 2147483647;
			files = (
				E6FC1C06159AE1BF009F01A5 /* InfoPlist.strings in Resources */,
				E6FC1C10159AE1BF009F01A5 /* Localizable.strings in Resources */,
				E6FC1C14159AE1BF009F01A5 /* Localizable.strings in Resources */,
				E6FC1C18159AE1BF009F01A5 /* Localizable.strings in Resources */,
				E6FC1C1C159AE1BF009F01A5 /* Localizable.strings in Resources */,
				E6FC1C26159AE1BF009F01A5 /* Default~iphone.png in Resources */,
				E6FC1C28159AE1BF009F01A5 /* Default@2x~iphone.png in Resources */,
				E6FC1C2A159AE1BF009F01A5 /* Capture.bundle in Resources */,
				E6FC1C2C159AE1BF009F01A5 /* Cordova.plist in Resources */,
				E6FC1C35159AE1BF009F01A5 /* MainViewController.xib in Resources */,
				E6FC1C39159AE1BF009F01A5 /* verify.sh in Resources */,
				E6FC1C40159AE250009F01A5 /* mobile in Resources */,
				E6AB2BCB159D1CA7008F3216 /* Icon-72.png in Resources */,
				E6AB2BCC159D1CA7008F3216 /* icon-72@2x.png in Resources */,
				E6AB2BCD159D1CA7008F3216 /* Icon.png in Resources */,
				E6AB2BCE159D1CA7008F3216 /* icon@2x.png in Resources */,
			);
			runOnlyForDeploymentPostprocessing = 0;
		};
/* End PBXResourcesBuildPhase section */

/* Begin PBXShellScriptBuildPhase section */
		E6FC1BE1159AE1BF009F01A5 /* ShellScript */ = {
			isa = PBXShellScriptBuildPhase;
			buildActionMask = 2147483647;
			files = (
			);
			inputPaths = (
			);
			outputPaths = (
			);
			runOnlyForDeploymentPostprocessing = 0;
			shellPath = /bin/bash;
			shellScript = "\n\t\t\t\t\t\t\t\tchmod 755 \"$PROJECT_DIR/$PROJECT_NAME/verify.sh\"\n\t\t\t\t\t\t\t\t\"$PROJECT_DIR/$PROJECT_NAME/verify.sh\"\n\t\t\t\t\t";
		};
/* End PBXShellScriptBuildPhase section */

/* Begin PBXSourcesBuildPhase section */
		E6FC1BDC159AE1BF009F01A5 /* Sources */ = {
			isa = PBXSourcesBuildPhase;
			buildActionMask = 2147483647;
			files = (
				E6FC1C08159AE1BF009F01A5 /* main.m in Sources */,
				E6FC1C30159AE1BF009F01A5 /* AppDelegate.m in Sources */,
				E6FC1C33159AE1BF009F01A5 /* MainViewController.m in Sources */,
				E6FC1C53159CBFD5009F01A5 /* PushNotification.m in Sources */,
			);
			runOnlyForDeploymentPostprocessing = 0;
		};
		E6FC1BDF159AE1BF009F01A5 /* Sources */ = {
			isa = PBXSourcesBuildPhase;
			buildActionMask = 2147483647;
			files = (
			);
			runOnlyForDeploymentPostprocessing = 0;
		};
/* End PBXSourcesBuildPhase section */

/* Begin PBXVariantGroup section */
		E6FC1C04159AE1BF009F01A5 /* InfoPlist.strings */ = {
			isa = PBXVariantGroup;
			children = (
				E6FC1C05159AE1BF009F01A5 /* en */,
			);
			name = InfoPlist.strings;
			sourceTree = "<group>";
		};
		E6FC1C0E159AE1BF009F01A5 /* Localizable.strings */ = {
			isa = PBXVariantGroup;
			children = (
				E6FC1C0F159AE1BF009F01A5 /* en */,
			);
			name = Localizable.strings;
			sourceTree = "<group>";
		};
		E6FC1C12159AE1BF009F01A5 /* Localizable.strings */ = {
			isa = PBXVariantGroup;
			children = (
				E6FC1C13159AE1BF009F01A5 /* es */,
			);
			name = Localizable.strings;
			sourceTree = "<group>";
		};
		E6FC1C16159AE1BF009F01A5 /* Localizable.strings */ = {
			isa = PBXVariantGroup;
			children = (
				E6FC1C17159AE1BF009F01A5 /* de */,
			);
			name = Localizable.strings;
			sourceTree = "<group>";
		};
		E6FC1C1A159AE1BF009F01A5 /* Localizable.strings */ = {
			isa = PBXVariantGroup;
			children = (
				E6FC1C1B159AE1BF009F01A5 /* se */,
			);
			name = Localizable.strings;
			sourceTree = "<group>";
		};
/* End PBXVariantGroup section */

/* Begin XCBuildConfiguration section */
		E6FC1C3A159AE1BF009F01A5 /* Debug */ = {
			isa = XCBuildConfiguration;
			buildSettings = {
				ALWAYS_SEARCH_USER_PATHS = NO;
				ARCHS = (
					armv6,
					"$(ARCHS_STANDARD_32_BIT)",
				);
				"CODE_SIGN_IDENTITY[sdk=iphoneos*]" = "iPhone Developer";
				COPY_PHASE_STRIP = NO;
				GCC_C_LANGUAGE_STANDARD = gnu99;
				GCC_DYNAMIC_NO_PIC = NO;
				GCC_OPTIMIZATION_LEVEL = 0;
				GCC_PREPROCESSOR_DEFINITIONS = (
					"DEBUG=1",
					"$(inherited)",
				);
				GCC_SYMBOLS_PRIVATE_EXTERN = NO;
				GCC_VERSION = com.apple.compilers.llvm.clang.1_0;
				GCC_WARN_ABOUT_RETURN_TYPE = YES;
				GCC_WARN_UNINITIALIZED_AUTOS = YES;
				GCC_WARN_UNUSED_VARIABLE = YES;
				IPHONEOS_DEPLOYMENT_TARGET = 3.0;
				SDKROOT = iphoneos;
			};
			name = Debug;
		};
		E6FC1C3B159AE1BF009F01A5 /* Release */ = {
			isa = XCBuildConfiguration;
			buildSettings = {
				ALWAYS_SEARCH_USER_PATHS = NO;
				ARCHS = (
					armv6,
					"$(ARCHS_STANDARD_32_BIT)",
				);
				"CODE_SIGN_IDENTITY[sdk=iphoneos*]" = "iPhone Developer";
				COPY_PHASE_STRIP = YES;
				GCC_C_LANGUAGE_STANDARD = gnu99;
				GCC_VERSION = com.apple.compilers.llvm.clang.1_0;
				GCC_WARN_ABOUT_RETURN_TYPE = YES;
				GCC_WARN_UNINITIALIZED_AUTOS = YES;
				GCC_WARN_UNUSED_VARIABLE = YES;
				IPHONEOS_DEPLOYMENT_TARGET = 3.0;
				SDKROOT = iphoneos;
				VALIDATE_PRODUCT = YES;
			};
			name = Release;
		};
		E6FC1C3D159AE1BF009F01A5 /* Debug */ = {
			isa = XCBuildConfiguration;
			buildSettings = {
				ALWAYS_SEARCH_USER_PATHS = YES;
				"CODE_SIGN_IDENTITY[sdk=iphoneos*]" = "iPhone Developer: gary van woerkens (662XMAYPHY)";
				COPY_PHASE_STRIP = NO;
				FRAMEWORK_SEARCH_PATHS = /Users/Shared/Cordova/Frameworks;
				GCC_DYNAMIC_NO_PIC = NO;
				GCC_PRECOMPILE_PREFIX_HEADER = YES;
				GCC_PREFIX_HEADER = "threadz/threadz-Prefix.pch";
				GCC_PREPROCESSOR_DEFINITIONS = (
					"DEBUG=1,",
					"CORDOVA_FRAMEWORK=1",
				);
				INFOPLIST_FILE = "threadz/threadz-Info.plist";
				OTHER_LDFLAGS = (
					"-weak_framework",
					UIKit,
					"-weak_framework",
					AVFoundation,
					"-weak_framework",
					CoreMedia,
					"-weak_library",
					/usr/lib/libSystem.B.dylib,
				);
				PRODUCT_NAME = "$(TARGET_NAME)";
				"PROVISIONING_PROFILE[sdk=iphoneos*]" = "44E9D29A-3E92-428E-96C6-CA6EC6457A9C";
				TARGETED_DEVICE_FAMILY = "1,2";
				WRAPPER_EXTENSION = app;
			};
			name = Debug;
		};
		E6FC1C3E159AE1BF009F01A5 /* Release */ = {
			isa = XCBuildConfiguration;
			buildSettings = {
				ALWAYS_SEARCH_USER_PATHS = YES;
				"CODE_SIGN_IDENTITY[sdk=iphoneos*]" = "iPhone Distribution: REVOLUNET";
				COPY_PHASE_STRIP = YES;
				DEBUG_INFORMATION_FORMAT = "dwarf-with-dsym";
				FRAMEWORK_SEARCH_PATHS = /Users/Shared/Cordova/Frameworks;
				GCC_PRECOMPILE_PREFIX_HEADER = YES;
				GCC_PREFIX_HEADER = "threadz/threadz-Prefix.pch";
				GCC_PREPROCESSOR_DEFINITIONS = (
					"NDEBUG=1,",
					"CORDOVA_FRAMEWORK=1",
				);
				INFOPLIST_FILE = "threadz/threadz-Info.plist";
				OTHER_LDFLAGS = (
					"-weak_framework",
					UIKit,
					"-weak_framework",
					AVFoundation,
					"-weak_framework",
					CoreMedia,
					"-weak_library",
					/usr/lib/libSystem.B.dylib,
				);
				PRODUCT_NAME = "$(TARGET_NAME)";
				"PROVISIONING_PROFILE[sdk=iphoneos*]" = "B152685E-200D-4A94-AE7A-0F63FE4A14C4";
				TARGETED_DEVICE_FAMILY = "1,2";
				VALIDATE_PRODUCT = YES;
				WRAPPER_EXTENSION = app;
			};
			name = Release;
		};
/* End XCBuildConfiguration section */

/* Begin XCConfigurationList section */
		E6FC1BDA159AE1BF009F01A5 /* Build configuration list for PBXProject "threadz" */ = {
			isa = XCConfigurationList;
			buildConfigurations = (
				E6FC1C3A159AE1BF009F01A5 /* Debug */,
				E6FC1C3B159AE1BF009F01A5 /* Release */,
			);
			defaultConfigurationIsVisible = 0;
			defaultConfigurationName = Release;
		};
		E6FC1C3C159AE1BF009F01A5 /* Build configuration list for PBXNativeTarget "threadz" */ = {
			isa = XCConfigurationList;
			buildConfigurations = (
				E6FC1C3D159AE1BF009F01A5 /* Debug */,
				E6FC1C3E159AE1BF009F01A5 /* Release */,
			);
			defaultConfigurationIsVisible = 0;
			defaultConfigurationName = Release;
		};
/* End XCConfigurationList section */
	};
	rootObject = E6FC1BD7159AE1BF009F01A5 /* Project object */;
}
